// !$*UTF8*$!
{
	archiveVersion = 1;
	classes = {
	};
	objectVersion = 46;
	objects = {

/* Begin PBXBuildFile section */
		D64750A41DD961AA000C9EDA /* AppDelegate.swift in Sources */ = {isa = PBXBuildFile; fileRef = D64750A31DD961AA000C9EDA /* AppDelegate.swift */; };
		D64750A61DD961AA000C9EDA /* ViewController.swift in Sources */ = {isa = PBXBuildFile; fileRef = D64750A51DD961AA000C9EDA /* ViewController.swift */; };
		D64750A91DD961AA000C9EDA /* Main.storyboard in Resources */ = {isa = PBXBuildFile; fileRef = D64750A71DD961AA000C9EDA /* Main.storyboard */; };
		D64750AB1DD961AA000C9EDA /* Assets.xcassets in Resources */ = {isa = PBXBuildFile; fileRef = D64750AA1DD961AA000C9EDA /* Assets.xcassets */; };
		D64750AE1DD961AA000C9EDA /* LaunchScreen.storyboard in Resources */ = {isa = PBXBuildFile; fileRef = D64750AC1DD961AA000C9EDA /* LaunchScreen.storyboard */; };
		D64750B61DD96294000C9EDA /* RootViewController.swift in Sources */ = {isa = PBXBuildFile; fileRef = D64750B51DD96294000C9EDA /* RootViewController.swift */; };
		D64750B81DD966E6000C9EDA /* MultiSelectViewController.swift in Sources */ = {isa = PBXBuildFile; fileRef = D64750B71DD966E6000C9EDA /* MultiSelectViewController.swift */; };
		D64750BA1DD96B8D000C9EDA /* add.png in Resources */ = {isa = PBXBuildFile; fileRef = D64750B91DD96B8D000C9EDA /* add.png */; };
		D64750BE1DD96E6A000C9EDA /* LSQPhotoViewController.swift in Sources */ = {isa = PBXBuildFile; fileRef = D64750BD1DD96E6A000C9EDA /* LSQPhotoViewController.swift */; };
		D64750C41DD99B6E000C9EDA /* SecViewController.swift in Sources */ = {isa = PBXBuildFile; fileRef = D64750C31DD99B6E000C9EDA /* SecViewController.swift */; };
		D64750CE1DD9B85E000C9EDA /* MyService.swift in Sources */ = {isa = PBXBuildFile; fileRef = D64750CD1DD9B85E000C9EDA /* MyService.swift */; };
		D64750DC1DD9BBD6000C9EDA /* PhotoShowViewController.swift in Sources */ = {isa = PBXBuildFile; fileRef = D64750DB1DD9BBD6000C9EDA /* PhotoShowViewController.swift */; };
		D64750DF1DD9BF76000C9EDA /* PhotoCollectionViewCell.swift in Sources */ = {isa = PBXBuildFile; fileRef = D64750DD1DD9BF76000C9EDA /* PhotoCollectionViewCell.swift */; };
		D64750E01DD9BF76000C9EDA /* PhotoCollectionViewCell.xib in Resources */ = {isa = PBXBuildFile; fileRef = D64750DE1DD9BF76000C9EDA /* PhotoCollectionViewCell.xib */; };
/* End PBXBuildFile section */

/* Begin PBXFileReference section */
		D64750A01DD961AA000C9EDA /* Photo.app */ = {isa = PBXFileReference; explicitFileType = wrapper.application; includeInIndex = 0; path = Photo.app; sourceTree = BUILT_PRODUCTS_DIR; };
		D64750A31DD961AA000C9EDA /* AppDelegate.swift */ = {isa = PBXFileReference; lastKnownFileType = sourcecode.swift; path = AppDelegate.swift; sourceTree = "<group>"; };
		D64750A51DD961AA000C9EDA /* ViewController.swift */ = {isa = PBXFileReference; lastKnownFileType = sourcecode.swift; path = ViewController.swift; sourceTree = "<group>"; };
		D64750A81DD961AA000C9EDA /* Base */ = {isa = PBXFileReference; lastKnownFileType = file.storyboard; name = Base; path = Base.lproj/Main.storyboard; sourceTree = "<group>"; };
		D64750AA1DD961AA000C9EDA /* Assets.xcassets */ = {isa = PBXFileReference; lastKnownFileType = folder.assetcatalog; path = Assets.xcassets; sourceTree = "<group>"; };
		D64750AD1DD961AA000C9EDA /* Base */ = {isa = PBXFileReference; lastKnownFileType = file.storyboard; name = Base; path = Base.lproj/LaunchScreen.storyboard; sourceTree = "<group>"; };
		D64750AF1DD961AA000C9EDA /* Info.plist */ = {isa = PBXFileReference; lastKnownFileType = text.plist.xml; path = Info.plist; sourceTree = "<group>"; };
		D64750B51DD96294000C9EDA /* RootViewController.swift */ = {isa = PBXFileReference; fileEncoding = 4; lastKnownFileType = sourcecode.swift; path = RootViewController.swift; sourceTree = "<group>"; };
		D64750B71DD966E6000C9EDA /* MultiSelectViewController.swift */ = {isa = PBXFileReference; fileEncoding = 4; lastKnownFileType = sourcecode.swift; path = MultiSelectViewController.swift; sourceTree = "<group>"; };
		D64750B91DD96B8D000C9EDA /* add.png */ = {isa = PBXFileReference; lastKnownFileType = image.png; path = add.png; sourceTree = "<group>"; };
		D64750BD1DD96E6A000C9EDA /* LSQPhotoViewController.swift */ = {isa = PBXFileReference; fileEncoding = 4; lastKnownFileType = sourcecode.swift; path = LSQPhotoViewController.swift; sourceTree = "<group>"; };
		D64750C31DD99B6E000C9EDA /* SecViewController.swift */ = {isa = PBXFileReference; fileEncoding = 4; lastKnownFileType = sourcecode.swift; path = SecViewController.swift; sourceTree = "<group>"; };
		D64750CD1DD9B85E000C9EDA /* MyService.swift */ = {isa = PBXFileReference; fileEncoding = 4; lastKnownFileType = sourcecode.swift; path = MyService.swift; sourceTree = "<group>"; };
		D64750DB1DD9BBD6000C9EDA /* PhotoShowViewController.swift */ = {isa = PBXFileReference; fileEncoding = 4; lastKnownFileType = sourcecode.swift; path = PhotoShowViewController.swift; sourceTree = "<group>"; };
		D64750DD1DD9BF76000C9EDA /* PhotoCollectionViewCell.swift */ = {isa = PBXFileReference; fileEncoding = 4; lastKnownFileType = sourcecode.swift; path = PhotoCollectionViewCell.swift; sourceTree = "<group>"; };
		D64750DE1DD9BF76000C9EDA /* PhotoCollectionViewCell.xib */ = {isa = PBXFileReference; fileEncoding = 4; lastKnownFileType = file.xib; path = PhotoCollectionViewCell.xib; sourceTree = "<group>"; };
/* End PBXFileReference section */

/* Begin PBXFrameworksBuildPhase section */
		D647509D1DD961AA000C9EDA /* Frameworks */ = {
			isa = PBXFrameworksBuildPhase;
			buildActionMask = 2147483647;
			files = (
			);
			runOnlyForDeploymentPostprocessing = 0;
		};
/* End PBXFrameworksBuildPhase section */

/* Begin PBXGroup section */
		D64750971DD961AA000C9EDA = {
			isa = PBXGroup;
			children = (
				D64750A21DD961AA000C9EDA /* Photo */,
				D64750A11DD961AA000C9EDA /* Products */,
			);
			sourceTree = "<group>";
		};
		D64750A11DD961AA000C9EDA /* Products */ = {
			isa = PBXGroup;
			children = (
				D64750A01DD961AA000C9EDA /* Photo.app */,
			);
			name = Products;
			sourceTree = "<group>";
		};
		D64750A21DD961AA000C9EDA /* Photo */ = {
			isa = PBXGroup;
			children = (
				D64750BC1DD96E41000C9EDA /* LSQPhotoPickerCtr */,
				D64750BB1DD96B99000C9EDA /* img */,
				D64750A31DD961AA000C9EDA /* AppDelegate.swift */,
				D64750B51DD96294000C9EDA /* RootViewController.swift */,
				D64750B71DD966E6000C9EDA /* MultiSelectViewController.swift */,
				D64750C31DD99B6E000C9EDA /* SecViewController.swift */,
				D64750DB1DD9BBD6000C9EDA /* PhotoShowViewController.swift */,
				D64750DD1DD9BF76000C9EDA /* PhotoCollectionViewCell.swift */,
				D64750DE1DD9BF76000C9EDA /* PhotoCollectionViewCell.xib */,
				D64750CD1DD9B85E000C9EDA /* MyService.swift */,
				D64750A51DD961AA000C9EDA /* ViewController.swift */,
				D64750A71DD961AA000C9EDA /* Main.storyboard */,
				D64750AA1DD961AA000C9EDA /* Assets.xcassets */,
				D64750AC1DD961AA000C9EDA /* LaunchScreen.storyboard */,
				D64750AF1DD961AA000C9EDA /* Info.plist */,
			);
			path = Photo;
			sourceTree = "<group>";
		};
		D64750BB1DD96B99000C9EDA /* img */ = {
			isa = PBXGroup;
			children = (
				D64750B91DD96B8D000C9EDA /* add.png */,
			);
			name = img;
			sourceTree = "<group>";
		};
		D64750BC1DD96E41000C9EDA /* LSQPhotoPickerCtr */ = {
			isa = PBXGroup;
			children = (
				D64750BD1DD96E6A000C9EDA /* LSQPhotoViewController.swift */,
			);
			name = LSQPhotoPickerCtr;
			sourceTree = "<group>";
		};
/* End PBXGroup section */

/* Begin PBXNativeTarget section */
		D647509F1DD961AA000C9EDA /* Photo */ = {
			isa = PBXNativeTarget;
			buildConfigurationList = D64750B21DD961AA000C9EDA /* Build configuration list for PBXNativeTarget "Photo" */;
			buildPhases = (
				D647509C1DD961AA000C9EDA /* Sources */,
				D647509D1DD961AA000C9EDA /* Frameworks */,
				D647509E1DD961AA000C9EDA /* Resources */,
			);
			buildRules = (
			);
			dependencies = (
			);
			name = Photo;
			productName = Photo;
			productReference = D64750A01DD961AA000C9EDA /* Photo.app */;
			productType = "com.apple.product-type.application";
		};
/* End PBXNativeTarget section */

/* Begin PBXProject section */
		D64750981DD961AA000C9EDA /* Project object */ = {
			isa = PBXProject;
			attributes = {
				LastSwiftUpdateCheck = 0810;
				LastUpgradeCheck = 0810;
				ORGANIZATIONNAME = sqluo;
				TargetAttributes = {
					D647509F1DD961AA000C9EDA = {
						CreatedOnToolsVersion = 8.1;
						DevelopmentTeam = NP7D9SC777;
						ProvisioningStyle = Automatic;
					};
				};
			};
			buildConfigurationList = D647509B1DD961AA000C9EDA /* Build configuration list for PBXProject "Photo" */;
			compatibilityVersion = "Xcode 3.2";
			developmentRegion = English;
			hasScannedForEncodings = 0;
			knownRegions = (
				en,
				Base,
			);
			mainGroup = D64750971DD961AA000C9EDA;
			productRefGroup = D64750A11DD961AA000C9EDA /* Products */;
			projectDirPath = "";
			projectRoot = "";
			targets = (
				D647509F1DD961AA000C9EDA /* Photo */,
			);
		};
/* End PBXProject section */

/* Begin PBXResourcesBuildPhase section */
		D647509E1DD961AA000C9EDA /* Resources */ = {
			isa = PBXResourcesBuildPhase;
			buildActionMask = 2147483647;
			files = (
				D64750BA1DD96B8D000C9EDA /* add.png in Resources */,
				D64750E01DD9BF76000C9EDA /* PhotoCollectionViewCell.xib in Resources */,
				D64750AE1DD961AA000C9EDA /* LaunchScreen.storyboard in Resources */,
				D64750AB1DD961AA000C9EDA /* Assets.xcassets in Resources */,
				D64750A91DD961AA000C9EDA /* Main.storyboard in Resources */,
			);
			runOnlyForDeploymentPostprocessing = 0;
		};
/* End PBXResourcesBuildPhase section */

/* Begin PBXSourcesBuildPhase section */
		D647509C1DD961AA000C9EDA /* Sources */ = {
			isa = PBXSourcesBuildPhase;
			buildActionMask = 2147483647;
			files = (
				D64750BE1DD96E6A000C9EDA /* LSQPhotoViewController.swift in Sources */,
				D64750B81DD966E6000C9EDA /* MultiSelectViewController.swift in Sources */,
				D64750DC1DD9BBD6000C9EDA /* PhotoShowViewController.swift in Sources */,
				D64750CE1DD9B85E000C9EDA /* MyService.swift in Sources */,
				D64750C41DD99B6E000C9EDA /* SecViewController.swift in Sources */,
				D64750DF1DD9BF76000C9EDA /* PhotoCollectionViewCell.swift in Sources */,
				D64750A61DD961AA000C9EDA /* ViewController.swift in Sources */,
				D64750A41DD961AA000C9EDA /* AppDelegate.swift in Sources */,
				D64750B61DD96294000C9EDA /* RootViewController.swift in Sources */,
			);
			runOnlyForDeploymentPostprocessing = 0;
		};
/* End PBXSourcesBuildPhase section */

/* Begin PBXVariantGroup section */
		D64750A71DD961AA000C9EDA /* Main.storyboard */ = {
			isa = PBXVariantGroup;
			children = (
				D64750A81DD961AA000C9EDA /* Base */,
			);
			name = Main.storyboard;
			sourceTree = "<group>";
		};
		D64750AC1DD961AA000C9EDA /* LaunchScreen.storyboard */ = {
			isa = PBXVariantGroup;
			children = (
				D64750AD1DD961AA000C9EDA /* Base */,
			);
			name = LaunchScreen.storyboard;
			sourceTree = "<group>";
		};
/* End PBXVariantGroup section */

/* Begin XCBuildConfiguration section */
		D64750B01DD961AA000C9EDA /* Debug */ = {
			isa = XCBuildConfiguration;
			buildSettings = {
				ALWAYS_SEARCH_USER_PATHS = NO;
				CLANG_ANALYZER_NONNULL = YES;
				CLANG_CXX_LANGUAGE_STANDARD = "gnu++0x";
				CLANG_CXX_LIBRARY = "libc++";
				CLANG_ENABLE_MODULES = YES;
				CLANG_ENABLE_OBJC_ARC = YES;
				CLANG_WARN_BOOL_CONVERSION = YES;
				CLANG_WARN_CONSTANT_CONVERSION = YES;
				CLANG_WARN_DIRECT_OBJC_ISA_USAGE = YES_ERROR;
				CLANG_WARN_DOCUMENTATION_COMMENTS = YES;
				CLANG_WARN_EMPTY_BODY = YES;
				CLANG_WARN_ENUM_CONVERSION = YES;
				CLANG_WARN_INFINITE_RECURSION = YES;
				CLANG_WARN_INT_CONVERSION = YES;
				CLANG_WARN_OBJC_ROOT_CLASS = YES_ERROR;
				CLANG_WARN_SUSPICIOUS_MOVES = YES;
				CLANG_WARN_UNREACHABLE_CODE = YES;
				CLANG_WARN__DUPLICATE_METHOD_MATCH = YES;
				"CODE_SIGN_IDENTITY[sdk=iphoneos*]" = "iPhone Developer";
				COPY_PHASE_STRIP = NO;
				DEBUG_INFORMATION_FORMAT = dwarf;
				ENABLE_STRICT_OBJC_MSGSEND = YES;
				ENABLE_TESTABILITY = YES;
				GCC_C_LANGUAGE_STANDARD = gnu99;
				GCC_DYNAMIC_NO_PIC = NO;
				GCC_NO_COMMON_BLOCKS = YES;
				GCC_OPTIMIZATION_LEVEL = 0;
				GCC_PREPROCESSOR_DEFINITIONS = (
					"DEBUG=1",
					"$(inherited)",
				);
				GCC_WARN_64_TO_32_BIT_CONVERSION = YES;
				GCC_WARN_ABOUT_RETURN_TYPE = YES_ERROR;
				GCC_WARN_UNDECLARED_SELECTOR = YES;
				GCC_WARN_UNINITIALIZED_AUTOS = YES_AGGRESSIVE;
				GCC_WARN_UNUSED_FUNCTION = YES;
				GCC_WARN_UNUSED_VARIABLE = YES;
				IPHONEOS_DEPLOYMENT_TARGET = 10.1;
				MTL_ENABLE_DEBUG_INFO = YES;
				ONLY_ACTIVE_ARCH = YES;
				SDKROOT = iphoneos;
				SWIFT_ACTIVE_COMPILATION_CONDITIONS = DEBUG;
				SWIFT_OPTIMIZATION_LEVEL = "-Onone";
			};
			name = Debug;
		};
		D64750B11DD961AA000C9EDA /* Release */ = {
			isa = XCBuildConfiguration;
			buildSettings = {
				ALWAYS_SEARCH_USER_PATHS = NO;
				CLANG_ANALYZER_NONNULL = YES;
				CLANG_CXX_LANGUAGE_STANDARD = "gnu++0x";
				CLANG_CXX_LIBRARY = "libc++";
				CLANG_ENABLE_MODULES = YES;
				CLANG_ENABLE_OBJC_ARC = YES;
				CLANG_WARN_BOOL_CONVERSION = YES;
				CLANG_WARN_CONSTANT_CONVERSION = YES;
				CLANG_WARN_DIRECT_OBJC_ISA_USAGE = YES_ERROR;
				CLANG_WARN_DOCUMENTATION_COMMENTS = YES;
				CLANG_WARN_EMPTY_BODY = YES;
				CLANG_WARN_ENUM_CONVERSION = YES;
				CLANG_WARN_INFINITE_RECURSION = YES;
				CLANG_WARN_INT_CONVERSION = YES;
				CLANG_WARN_OBJC_ROOT_CLASS = YES_ERROR;
				CLANG_WARN_SUSPICIOUS_MOVES = YES;
				CLANG_WARN_UNREACHABLE_CODE = YES;
				CLANG_WARN__DUPLICATE_METHOD_MATCH = YES;
				"CODE_SIGN_IDENTITY[sdk=iphoneos*]" = "iPhone Developer";
				COPY_PHASE_STRIP = NO;
				DEBUG_INFORMATION_FORMAT = "dwarf-with-dsym";
				ENABLE_NS_ASSERTIONS = NO;
				ENABLE_STRICT_OBJC_MSGSEND = YES;
				GCC_C_LANGUAGE_STANDARD = gnu99;
				GCC_NO_COMMON_BLOCKS = YES;
				GCC_WARN_64_TO_32_BIT_CONVERSION = YES;
				GCC_WARN_ABOUT_RETURN_TYPE = YES_ERROR;
				GCC_WARN_UNDECLARED_SELECTOR = YES;
				GCC_WARN_UNINITIALIZED_AUTOS = YES_AGGRESSIVE;
				GCC_WARN_UNUSED_FUNCTION = YES;
				GCC_WARN_UNUSED_VARIABLE = YES;
				IPHONEOS_DEPLOYMENT_TARGET = 10.1;
				MTL_ENABLE_DEBUG_INFO = NO;
				SDKROOT = iphoneos;
				SWIFT_OPTIMIZATION_LEVEL = "-Owholemodule";
				VALIDATE_PRODUCT = YES;
			};
			name = Release;
		};
		D64750B31DD961AA000C9EDA /* Debug */ = {
			isa = XCBuildConfiguration;
			buildSettings = {
				ASSETCATALOG_COMPILER_APPICON_NAME = AppIcon;
				DEVELOPMENT_TEAM = NP7D9SC777;
				INFOPLIST_FILE = Photo/Info.plist;
				IPHONEOS_DEPLOYMENT_TARGET = 9.0;
				LD_RUNPATH_SEARCH_PATHS = "$(inherited) @executable_path/Frameworks";
				PRODUCT_BUNDLE_IDENTIFIER = com.sql.Photo;
				PRODUCT_NAME = "$(TARGET_NAME)";
				SWIFT_VERSION = 3.0;
				TARGETED_DEVICE_FAMILY = "1,2";
			};
			name = Debug;
		};
		D64750B41DD961AA000C9EDA /* Release */ = {
			isa = XCBuildConfiguration;
			buildSettings = {
				ASSETCATALOG_COMPILER_APPICON_NAME = AppIcon;
				DEVELOPMENT_TEAM = NP7D9SC777;
				INFOPLIST_FILE = Photo/Info.plist;
				IPHONEOS_DEPLOYMENT_TARGET = 9.0;
				LD_RUNPATH_SEARCH_PATHS = "$(inherited) @executable_path/Frameworks";
				PRODUCT_BUNDLE_IDENTIFIER = com.sql.Photo;
				PRODUCT_NAME = "$(TARGET_NAME)";
				SWIFT_VERSION = 3.0;
				TARGETED_DEVICE_FAMILY = "1,2";
			};
			name = Release;
		};
/* End XCBuildConfiguration section */

/* Begin XCConfigurationList section */
		D647509B1DD961AA000C9EDA /* Build configuration list for PBXProject "Photo" */ = {
			isa = XCConfigurationList;
			buildConfigurations = (
				D64750B01DD961AA000C9EDA /* Debug */,
				D64750B11DD961AA000C9EDA /* Release */,
			);
			defaultConfigurationIsVisible = 0;
			defaultConfigurationName = Release;
		};
		D64750B21DD961AA000C9EDA /* Build configuration list for PBXNativeTarget "Photo" */ = {
			isa = XCConfigurationList;
			buildConfigurations = (
				D64750B31DD961AA000C9EDA /* Debug */,
				D64750B41DD961AA000C9EDA /* Release */,
			);
			defaultConfigurationIsVisible = 0;
			defaultConfigurationName = Release;
		};
/* End XCConfigurationList section */
	};
	rootObject = D64750981DD961AA000C9EDA /* Project object */;
}
